
Microsoft Visual Studio Solution File, Format Version 12.00
# Visual Studio Version 17
VisualStudioVersion = 17.9.34622.214
MinimumVisualStudioVersion = 10.0.40219.1
Project("{FAE04EC0-301F-11D3-BF4B-00C04F79EFBC}") = "SyncFolders", "SyncFolders\SyncFolders.csproj", "{6846E0F5-62AE-405C-A205-E56F0955283C}"
EndProject
Global
	GlobalSection(SolutionConfigurationPlatforms) = preSolution
		Debug|Any CPU = Debug|Any CPU
		Release|Any CPU = Release|Any CPU
	EndGlobalSection
	GlobalSection(ProjectConfigurationPlatforms) = postSolution
		{6846E0F5-62AE-405C-A205-E56F0955283C}.Debug|Any CPU.ActiveCfg = Debug|Any CPU
		{6846E0F5-62AE-405C-A205-E56F0955283C}.Debug|Any CPU.Build.0 = Debug|Any CPU
		{6846E0F5-62AE-405C-A205-E56F0955283C}.Release|Any CPU.ActiveCfg = Release|Any CPU
		{6846E0F5-62AE-405C-A205-E56F0955283C}.Release|Any CPU.Build.0 = Release|Any CPU
	EndGlobalSection
	GlobalSection(SolutionProperties) = preSolution
		HideSolutionNode = FALSE
	EndGlobalSection
	GlobalSection(ExtensibilityGlobals) = postSolution
		SolutionGuid = {6BEA3C1B-B5D7-4D58-8B92-D2B1C69E2276}
	EndGlobalSection
EndGlobal
